# This file is autogenerated, do not edit; changes may be undone by the next 'dep ensure'.


[[projects]]
  branch = "master"
  name = "github.com/GeertJohan/go.rice"
  packages = [
    ".",
    "embedded"
  ]
  revision = "c02ca9a983da5807ddf7d796784928f5be4afd09"

[[projects]]
  branch = "master"
  name = "github.com/bitly/go-simplejson"
  packages = ["."]
  revision = "0c965951289cce37dec52ad1f34200fefc816777"

[[projects]]
  branch = "master"
  name = "github.com/daaku/go.zipexe"
  packages = ["."]
  revision = "a5fe2436ffcb3236e175e5149162b41cd28bd27d"

[[projects]]
  branch = "master"
  name = "github.com/fatih/color"
  packages = ["."]
  revision = "5df930a27be2502f99b292b7cc09ebad4d0891f4"

[[projects]]
  branch = "master"
  name = "github.com/gobs/args"
  packages = ["."]
  revision = "85dec0568397e293c778d50dd19b0e1bef42a2cb"

[[projects]]
  branch = "master"
  name = "github.com/iikira/osext"
  packages = ["."]
  revision = "f808bcd957c382e32d377c68935d94bbafd0d5d0"

[[projects]]
  branch = "master"
  name = "github.com/kardianos/osext"
  packages = ["."]
  revision = "ae77be60afb1dcacde03767a8c37337fad28ac14"

[[projects]]
  name = "github.com/mattn/go-colorable"
  packages = ["."]
  revision = "586e6dcca296d085100876beb6dbf02287a247f7"

[[projects]]
  branch = "master"
  name = "github.com/mattn/go-isatty"
  packages = ["."]
  revision = "6ca4dbf54d38eea1a992b3c722a76a5d1c4cb25c"

[[projects]]
  branch = "master"
  name = "github.com/peterh/liner"
  packages = ["."]
  revision = "3681c2a912330352991ecdd642f257efe5b85518"

[[projects]]
  branch = "master"
  name = "github.com/urfave/cli"
  packages = ["."]
  revision = "75104e932ac2ddb944a6ea19d9f9f26316ff1145"

[[projects]]
  name = "golang.org/x/sys"
  packages = ["unix"]
  revision = "8dbc5d05d6edcc104950cc299a1ce6641235bc86"

[solve-meta]
  analyzer-name = "dep"
  analyzer-version = 1
  inputs-digest = "51cba54a3f3b1600330eef9bece8d66ab608e0f33611ae927f773bd0d1a1311c"
  solver-name = "gps-cdcl"
  solver-version = 1
