# This file is autogenerated, do not edit; changes may be undone by the next 'dep ensure'.


[[projects]]
  branch = "master"
  name = "github.com/GeertJohan/go.rice"
  packages = [
    ".",
    "embedded"
  ]
  revision = "c02ca9a983da5807ddf7d796784928f5be4afd09"

[[projects]]
  name = "github.com/astaxie/beego"
  packages = [
    "session",
    "utils"
  ]
  revision = "bf5c5626ab429e66d88602e1ab1ab5fbf4629a01"
  version = "v1.9.2"

[[projects]]
  name = "github.com/bitly/go-simplejson"
  packages = ["."]
  revision = "aabad6e819789e569bd6aabf444c935aa9ba1e44"
  version = "v0.5.0"

[[projects]]
  branch = "master"
  name = "github.com/daaku/go.zipexe"
  packages = ["."]
  revision = "a5fe2436ffcb3236e175e5149162b41cd28bd27d"

[[projects]]
  name = "github.com/fatih/color"
  packages = ["."]
  revision = "1b35f289c47d5c73c398cea8e006b7bcb6234a96"
  version = "v0.1"

[[projects]]
  branch = "master"
  name = "github.com/gobs/args"
  packages = ["."]
  revision = "85dec0568397e293c778d50dd19b0e1bef42a2cb"

[[projects]]
  branch = "master"
  name = "github.com/iikira/Baidu-Login"
  packages = [
    ".",
    "bdcrypto"
  ]
  revision = "f4eaff53647ff235647cfcc6524875f0a319a337"

[[projects]]
  branch = "master"
  name = "github.com/iikira/baidu-tools"
  packages = [
    ".",
    "tieba",
    "tieba/tiebautil"
  ]
  revision = "8aa9a788170f9d11df821844b8221d6a1134b9c4"

[[projects]]
  branch = "master"
  name = "github.com/iikira/osext"
  packages = ["."]
  revision = "f808bcd957c382e32d377c68935d94bbafd0d5d0"

[[projects]]
  branch = "master"
  name = "github.com/kardianos/osext"
  packages = ["."]
  revision = "ae77be60afb1dcacde03767a8c37337fad28ac14"

[[projects]]
  branch = "master"
  name = "github.com/peterh/liner"
  packages = ["."]
  revision = "3681c2a912330352991ecdd642f257efe5b85518"

[[projects]]
  branch = "master"
  name = "github.com/shiena/ansicolor"
  packages = ["."]
  revision = "a422bbe96644373c5753384a59d678f7d261ff10"

[[projects]]
  name = "github.com/urfave/cli"
  packages = ["."]
  revision = "cfb38830724cc34fedffe9a2a29fb54fa9169cd1"
  version = "v1.20.0"

[solve-meta]
  analyzer-name = "dep"
  analyzer-version = 1
  inputs-digest = "71034c50e7357e04a3ad9e3466d3223237095a73eb3e2598ed0fc8aee7061522"
  solver-name = "gps-cdcl"
  solver-version = 1
