# This file is autogenerated, do not edit; changes may be undone by the next 'dep ensure'.


[[projects]]
  branch = "master"
  name = "github.com/GeertJohan/go.rice"
  packages = [
    ".",
    "embedded"
  ]
  revision = "c02ca9a983da5807ddf7d796784928f5be4afd09"

[[projects]]
  name = "github.com/astaxie/beego"
  packages = [
    "session",
    "utils"
  ]
  revision = "bf5c5626ab429e66d88602e1ab1ab5fbf4629a01"
  version = "v1.9.2"

[[projects]]
  name = "github.com/bitly/go-simplejson"
  packages = ["."]
  revision = "aabad6e819789e569bd6aabf444c935aa9ba1e44"
  version = "v0.5.0"

[[projects]]
  branch = "master"
  name = "github.com/daaku/go.zipexe"
  packages = ["."]
  revision = "a5fe2436ffcb3236e175e5149162b41cd28bd27d"

[[projects]]
  name = "github.com/fatih/color"
  packages = ["."]
  revision = "1b35f289c47d5c73c398cea8e006b7bcb6234a96"
  version = "v0.1"

[[projects]]
  branch = "master"
  name = "github.com/gobs/args"
  packages = ["."]
  revision = "85dec0568397e293c778d50dd19b0e1bef42a2cb"

[[projects]]
  branch = "master"
  name = "github.com/iikira/Baidu-Login"
  packages = [
    ".",
    "bdcrypto"
  ]
  revision = "d91ca689314eeeba5ea2fd572889585061b44471"

[[projects]]
  branch = "master"
  name = "github.com/iikira/baidu-tools"
  packages = [
    ".",
    "tieba",
    "tieba/tiebautil"
  ]
  revision = "a1922f490d6d2f53c275b8c38ed92405c3057f75"

[[projects]]
  branch = "master"
  name = "github.com/iikira/liner"
  packages = ["."]
  revision = "75e2f4424900f9f169f3ac371b297f4bc24f38d5"

[[projects]]
  branch = "master"
  name = "github.com/iikira/osext"
  packages = ["."]
  revision = "f808bcd957c382e32d377c68935d94bbafd0d5d0"

[[projects]]
  branch = "master"
  name = "github.com/iikira/passwd"
  packages = ["."]
  revision = "a69f575c2450d8e5d2f6b308de8b2a381cbfe510"

[[projects]]
  branch = "master"
  name = "github.com/kardianos/osext"
  packages = ["."]
  revision = "ae77be60afb1dcacde03767a8c37337fad28ac14"

[[projects]]
  branch = "master"
  name = "github.com/shiena/ansicolor"
  packages = ["."]
  revision = "a422bbe96644373c5753384a59d678f7d261ff10"

[[projects]]
  name = "github.com/urfave/cli"
  packages = ["."]
  revision = "cfb38830724cc34fedffe9a2a29fb54fa9169cd1"
  version = "v1.20.0"

[solve-meta]
  analyzer-name = "dep"
  analyzer-version = 1
  inputs-digest = "c9c3383103fa03be7ee0ac56678285248d70c46cc207c591390c7831557d52c4"
  solver-name = "gps-cdcl"
  solver-version = 1
